{
  "requires": true,
  "lockfileVersion": 1,
  "dependencies": {
    "generate-maze": {
      "version": "0.2.0",
      "resolved": "https://registry.npmjs.org/generate-maze/-/generate-maze-0.2.0.tgz",
      "integrity": "sha512-gB9eK/GxsoycgqkDOLNyN4xBvCeKVdMzzhAgNw++RffHYwRZCj31jf1GrrBnRZ7taJyv0OzEcW3eMA/qAu5bZA=="
    }
  }
}
